# This file is automatically @generated by Cargo.
# It is not intended for manual editing.
version = 3

[[package]]
name = "my-package"
version = "0.2.0+my-package"
source = "registry+https://github.com/rust-lang/crates.io-index"
checksum = "c73aff4efd4a399c8f05a05d5c708d56c8e2495f4c797185c73220c8393d1ebb"

[[package]]
name = "my-package"
version = "0.2.3+my-package"
source = "registry+https://github.com/rust-lang/crates.io-index"
checksum = "64091705b8802c92a5d2aed241bf6bc0b4fad664dfd7a5d89667280730d13a5f"

[[package]]
name = "crate1"
version = "0.0.0"
dependencies = [
 "my-package 0.2.0+my-package",
]

[[package]]
name = "crate2"
version = "0.0.0"
dependencies = [
 "my-package 0.2.3+my-package",
]
